
Microsoft Visual Studio Solution File, Format Version 12.00
# Visual Studio Version 17
VisualStudioVersion = 17.3.32819.101
MinimumVisualStudioVersion = 10.0.40219.1
Project("{2150E333-8FDC-42A3-9474-1A3956D46DE8}") = "Provider", "Provider", "{C13DB87E-4599-42B5-9BEB-C7DC0B658076}"
EndProject
Project("{FAE04EC0-301F-11D3-BF4B-00C04F79EFBC}") = "Stheer.Api.Provider", "src\Provider\Stheer.Api.Provider\Stheer.Api.Provider.csproj", "{BE381D85-8BAA-4E64-99E9-E63E4DC29B01}"
EndProject
Global
	GlobalSection(SolutionConfigurationPlatforms) = preSolution
		Debug|Any CPU = Debug|Any CPU
		Release|Any CPU = Release|Any CPU
	EndGlobalSection
	GlobalSection(ProjectConfigurationPlatforms) = postSolution
		{BE381D85-8BAA-4E64-99E9-E63E4DC29B01}.Debug|Any CPU.ActiveCfg = Debug|Any CPU
		{BE381D85-8BAA-4E64-99E9-E63E4DC29B01}.Debug|Any CPU.Build.0 = Debug|Any CPU
		{BE381D85-8BAA-4E64-99E9-E63E4DC29B01}.Release|Any CPU.ActiveCfg = Release|Any CPU
		{BE381D85-8BAA-4E64-99E9-E63E4DC29B01}.Release|Any CPU.Build.0 = Release|Any CPU
	EndGlobalSection
	GlobalSection(SolutionProperties) = preSolution
		HideSolutionNode = FALSE
	EndGlobalSection
	GlobalSection(NestedProjects) = preSolution
		{BE381D85-8BAA-4E64-99E9-E63E4DC29B01} = {C13DB87E-4599-42B5-9BEB-C7DC0B658076}
	EndGlobalSection
	GlobalSection(ExtensibilityGlobals) = postSolution
		SolutionGuid = {85CBE197-4091-44FC-87AF-6406F08552BA}
	EndGlobalSection
EndGlobal
